
Microsoft Visual Studio Solution File, Format Version 12.00
# Visual Studio Version 16
VisualStudioVersion = 16.0.30011.22
MinimumVisualStudioVersion = 10.0.40219.1
Project("{9A19103F-16F7-4668-BE54-9A1E7A4F7556}") = "TodoMobile", "TodoMobile.csproj", "{F782BA14-D89D-412C-BFF1-61F00EB49E3C}"
EndProject
Project("{FAE04EC0-301F-11D3-BF4B-00C04F79EFBC}") = "TodoMobile.Android", "..\TodoMobile.Android\TodoMobile.Android.csproj", "{9FD70A85-9BFD-4A78-9C76-2DA964918467}"
EndProject
Global
	GlobalSection(SolutionConfigurationPlatforms) = preSolution
		Debug|Any CPU = Debug|Any CPU
		Release|Any CPU = Release|Any CPU
	EndGlobalSection
	GlobalSection(ProjectConfigurationPlatforms) = postSolution
		{F782BA14-D89D-412C-BFF1-61F00EB49E3C}.Debug|Any CPU.ActiveCfg = Debug|Any CPU
		{F782BA14-D89D-412C-BFF1-61F00EB49E3C}.Debug|Any CPU.Build.0 = Debug|Any CPU
		{F782BA14-D89D-412C-BFF1-61F00EB49E3C}.Release|Any CPU.ActiveCfg = Release|Any CPU
		{F782BA14-D89D-412C-BFF1-61F00EB49E3C}.Release|Any CPU.Build.0 = Release|Any CPU
		{9FD70A85-9BFD-4A78-9C76-2DA964918467}.Debug|Any CPU.ActiveCfg = Debug|Any CPU
		{9FD70A85-9BFD-4A78-9C76-2DA964918467}.Debug|Any CPU.Build.0 = Debug|Any CPU
		{9FD70A85-9BFD-4A78-9C76-2DA964918467}.Debug|Any CPU.Deploy.0 = Debug|Any CPU
		{9FD70A85-9BFD-4A78-9C76-2DA964918467}.Release|Any CPU.ActiveCfg = Release|Any CPU
		{9FD70A85-9BFD-4A78-9C76-2DA964918467}.Release|Any CPU.Build.0 = Release|Any CPU
		{9FD70A85-9BFD-4A78-9C76-2DA964918467}.Release|Any CPU.Deploy.0 = Release|Any CPU
	EndGlobalSection
	GlobalSection(SolutionProperties) = preSolution
		HideSolutionNode = FALSE
	EndGlobalSection
	GlobalSection(ExtensibilityGlobals) = postSolution
		SolutionGuid = {C39B6B70-5C06-49C9-83C6-315BC2C8031F}
	EndGlobalSection
EndGlobal
